
Microsoft Visual Studio Solution File, Format Version 12.00
# Visual Studio Version 17
VisualStudioVersion = 17.8.34525.116
MinimumVisualStudioVersion = 10.0.40219.1
Project("{FAE04EC0-301F-11D3-BF4B-00C04F79EFBC}") = "App1AndroidAppXamarin", "App1AndroidAppXamarin\App1AndroidAppXamarin.csproj", "{D53C8628-F971-4C2E-AB70-3922901EFB5E}"
EndProject
Global
	GlobalSection(SolutionConfigurationPlatforms) = preSolution
		Debug|Any CPU = Debug|Any CPU
		Release|Any CPU = Release|Any CPU
	EndGlobalSection
	GlobalSection(ProjectConfigurationPlatforms) = postSolution
		{D53C8628-F971-4C2E-AB70-3922901EFB5E}.Debug|Any CPU.ActiveCfg = Debug|Any CPU
		{D53C8628-F971-4C2E-AB70-3922901EFB5E}.Debug|Any CPU.Build.0 = Debug|Any CPU
		{D53C8628-F971-4C2E-AB70-3922901EFB5E}.Debug|Any CPU.Deploy.0 = Debug|Any CPU
		{D53C8628-F971-4C2E-AB70-3922901EFB5E}.Release|Any CPU.ActiveCfg = Release|Any CPU
		{D53C8628-F971-4C2E-AB70-3922901EFB5E}.Release|Any CPU.Build.0 = Release|Any CPU
		{D53C8628-F971-4C2E-AB70-3922901EFB5E}.Release|Any CPU.Deploy.0 = Release|Any CPU
	EndGlobalSection
	GlobalSection(SolutionProperties) = preSolution
		HideSolutionNode = FALSE
	EndGlobalSection
	GlobalSection(ExtensibilityGlobals) = postSolution
		SolutionGuid = {DC386A98-96D6-4A64-B5BB-5024A92A8528}
	EndGlobalSection
EndGlobal
